// !$*UTF8*$!
{
	archiveVersion = 1;
	classes = {
	};
	objectVersion = 56;
	objects = {

/* Begin PBXBuildFile section */
		173409902D5F385C00FFC040 /* OnBoardingScreen2.swift in Sources */ = {isa = PBXBuildFile; fileRef = 1734098F2D5F385C00FFC040 /* OnBoardingScreen2.swift */; };
		173409922D5F3E7000FFC040 /* Storyboard.storyboard in Resources */ = {isa = PBXBuildFile; fileRef = 173409912D5F3E7000FFC040 /* Storyboard.storyboard */; };
		174BFD602D553F2700A729FF /* To_The_FlightApp.swift in Sources */ = {isa = PBXBuildFile; fileRef = 174BFD5F2D553F2700A729FF /* To_The_FlightApp.swift */; };
		174BFD622D553F2700A729FF /* NewFlightScreen.swift in Sources */ = {isa = PBXBuildFile; fileRef = 174BFD612D553F2700A729FF /* NewFlightScreen.swift */; };
		174BFD642D553F2900A729FF /* Assets.xcassets in Resources */ = {isa = PBXBuildFile; fileRef = 174BFD632D553F2900A729FF /* Assets.xcassets */; };
		174BFD672D553F2900A729FF /* Preview Assets.xcassets in Resources */ = {isa = PBXBuildFile; fileRef = 174BFD662D553F2900A729FF /* Preview Assets.xcassets */; };
		174BFD6E2D5541A100A729FF /* MyFlightScreen.swift in Sources */ = {isa = PBXBuildFile; fileRef = 174BFD6D2D5541A100A729FF /* MyFlightScreen.swift */; };
		17D0DFD12D5BF27F00D0894F /* Flight.swift in Sources */ = {isa = PBXBuildFile; fileRef = 17D0DFD02D5BF27F00D0894F /* Flight.swift */; };
		17D0DFD32D5BF2AD00D0894F /* HeaderView.swift in Sources */ = {isa = PBXBuildFile; fileRef = 17D0DFD22D5BF2AD00D0894F /* HeaderView.swift */; };
		17D0DFD52D5BF2DE00D0894F /* FlightRow.swift in Sources */ = {isa = PBXBuildFile; fileRef = 17D0DFD42D5BF2DE00D0894F /* FlightRow.swift */; };
		17D0DFD72D5BF38B00D0894F /* BottomBar.swift in Sources */ = {isa = PBXBuildFile; fileRef = 17D0DFD62D5BF38B00D0894F /* BottomBar.swift */; };
		17D0DFDC2D5CE6E000D0894F /* KeyboardAdaptive.swift in Sources */ = {isa = PBXBuildFile; fileRef = 17D0DFDB2D5CE6E000D0894F /* KeyboardAdaptive.swift */; };
		17D0DFDE2D5CE81300D0894F /* OnBoardingScreen.swift in Sources */ = {isa = PBXBuildFile; fileRef = 17D0DFDD2D5CE81300D0894F /* OnBoardingScreen.swift */; };
		17D0DFE02D5E09C500D0894F /* ProgressIndicator.swift in Sources */ = {isa = PBXBuildFile; fileRef = 17D0DFDF2D5E09C500D0894F /* ProgressIndicator.swift */; };
/* End PBXBuildFile section */

/* Begin PBXFileReference section */
		1734098F2D5F385C00FFC040 /* OnBoardingScreen2.swift */ = {isa = PBXFileReference; lastKnownFileType = sourcecode.swift; path = OnBoardingScreen2.swift; sourceTree = "<group>"; };
		173409912D5F3E7000FFC040 /* Storyboard.storyboard */ = {isa = PBXFileReference; lastKnownFileType = file.storyboard; path = Storyboard.storyboard; sourceTree = "<group>"; };
		174BFD5C2D553F2700A729FF /* To The Flight.app */ = {isa = PBXFileReference; explicitFileType = wrapper.application; includeInIndex = 0; path = "To The Flight.app"; sourceTree = BUILT_PRODUCTS_DIR; };
		174BFD5F2D553F2700A729FF /* To_The_FlightApp.swift */ = {isa = PBXFileReference; lastKnownFileType = sourcecode.swift; path = To_The_FlightApp.swift; sourceTree = "<group>"; };
		174BFD612D553F2700A729FF /* NewFlightScreen.swift */ = {isa = PBXFileReference; lastKnownFileType = sourcecode.swift; path = NewFlightScreen.swift; sourceTree = "<group>"; };
		174BFD632D553F2900A729FF /* Assets.xcassets */ = {isa = PBXFileReference; lastKnownFileType = folder.assetcatalog; path = Assets.xcassets; sourceTree = "<group>"; };
		174BFD662D553F2900A729FF /* Preview Assets.xcassets */ = {isa = PBXFileReference; lastKnownFileType = folder.assetcatalog; path = "Preview Assets.xcassets"; sourceTree = "<group>"; };
		174BFD6D2D5541A100A729FF /* MyFlightScreen.swift */ = {isa = PBXFileReference; lastKnownFileType = sourcecode.swift; path = MyFlightScreen.swift; sourceTree = "<group>"; };
		17D0DFD02D5BF27F00D0894F /* Flight.swift */ = {isa = PBXFileReference; lastKnownFileType = sourcecode.swift; path = Flight.swift; sourceTree = "<group>"; };
		17D0DFD22D5BF2AD00D0894F /* HeaderView.swift */ = {isa = PBXFileReference; lastKnownFileType = sourcecode.swift; path = HeaderView.swift; sourceTree = "<group>"; };
		17D0DFD42D5BF2DE00D0894F /* FlightRow.swift */ = {isa = PBXFileReference; lastKnownFileType = sourcecode.swift; path = FlightRow.swift; sourceTree = "<group>"; };
		17D0DFD62D5BF38B00D0894F /* BottomBar.swift */ = {isa = PBXFileReference; lastKnownFileType = sourcecode.swift; path = BottomBar.swift; sourceTree = "<group>"; };
		17D0DFDB2D5CE6E000D0894F /* KeyboardAdaptive.swift */ = {isa = PBXFileReference; lastKnownFileType = sourcecode.swift; path = KeyboardAdaptive.swift; sourceTree = "<group>"; };
		17D0DFDD2D5CE81300D0894F /* OnBoardingScreen.swift */ = {isa = PBXFileReference; lastKnownFileType = sourcecode.swift; path = OnBoardingScreen.swift; sourceTree = "<group>"; };
		17D0DFDF2D5E09C500D0894F /* ProgressIndicator.swift */ = {isa = PBXFileReference; lastKnownFileType = sourcecode.swift; path = ProgressIndicator.swift; sourceTree = "<group>"; };
/* End PBXFileReference section */

/* Begin PBXFrameworksBuildPhase section */
		174BFD592D553F2700A729FF /* Frameworks */ = {
			isa = PBXFrameworksBuildPhase;
			buildActionMask = 2147483647;
			files = (
			);
			runOnlyForDeploymentPostprocessing = 0;
		};
/* End PBXFrameworksBuildPhase section */

/* Begin PBXGroup section */
		174BFD532D553F2700A729FF = {
			isa = PBXGroup;
			children = (
				174BFD5E2D553F2700A729FF /* To The Flight */,
				174BFD5D2D553F2700A729FF /* Products */,
			);
			sourceTree = "<group>";
		};
		174BFD5D2D553F2700A729FF /* Products */ = {
			isa = PBXGroup;
			children = (
				174BFD5C2D553F2700A729FF /* To The Flight.app */,
			);
			name = Products;
			sourceTree = "<group>";
		};
		174BFD5E2D553F2700A729FF /* To The Flight */ = {
			isa = PBXGroup;
			children = (
				17D0DFDA2D5CCDEA00D0894F /* Models */,
				17D0DFD82D5CCDC700D0894F /* Views */,
				174BFD5F2D553F2700A729FF /* To_The_FlightApp.swift */,
				174BFD632D553F2900A729FF /* Assets.xcassets */,
				174BFD652D553F2900A729FF /* Preview Content */,
				17D0DFDB2D5CE6E000D0894F /* KeyboardAdaptive.swift */,
				173409912D5F3E7000FFC040 /* Storyboard.storyboard */,
			);
			path = "To The Flight";
			sourceTree = "<group>";
		};
		174BFD652D553F2900A729FF /* Preview Content */ = {
			isa = PBXGroup;
			children = (
				174BFD662D553F2900A729FF /* Preview Assets.xcassets */,
			);
			path = "Preview Content";
			sourceTree = "<group>";
		};
		17D0DFD82D5CCDC700D0894F /* Views */ = {
			isa = PBXGroup;
			children = (
				17D0DFDD2D5CE81300D0894F /* OnBoardingScreen.swift */,
				174BFD612D553F2700A729FF /* NewFlightScreen.swift */,
				1734098F2D5F385C00FFC040 /* OnBoardingScreen2.swift */,
				174BFD6D2D5541A100A729FF /* MyFlightScreen.swift */,
				17D0DFD92D5CCDCE00D0894F /* Widgets */,
			);
			path = Views;
			sourceTree = "<group>";
		};
		17D0DFD92D5CCDCE00D0894F /* Widgets */ = {
			isa = PBXGroup;
			children = (
				17D0DFD42D5BF2DE00D0894F /* FlightRow.swift */,
				17D0DFD22D5BF2AD00D0894F /* HeaderView.swift */,
				17D0DFD62D5BF38B00D0894F /* BottomBar.swift */,
				17D0DFDF2D5E09C500D0894F /* ProgressIndicator.swift */,
			);
			path = Widgets;
			sourceTree = "<group>";
		};
		17D0DFDA2D5CCDEA00D0894F /* Models */ = {
			isa = PBXGroup;
			children = (
				17D0DFD02D5BF27F00D0894F /* Flight.swift */,
			);
			path = Models;
			sourceTree = "<group>";
		};
/* End PBXGroup section */

/* Begin PBXNativeTarget section */
		174BFD5B2D553F2700A729FF /* To The Flight */ = {
			isa = PBXNativeTarget;
			buildConfigurationList = 174BFD6A2D553F2900A729FF /* Build configuration list for PBXNativeTarget "To The Flight" */;
			buildPhases = (
				174BFD582D553F2700A729FF /* Sources */,
				174BFD592D553F2700A729FF /* Frameworks */,
				174BFD5A2D553F2700A729FF /* Resources */,
			);
			buildRules = (
			);
			dependencies = (
			);
			name = "To The Flight";
			productName = "To The Flight";
			productReference = 174BFD5C2D553F2700A729FF /* To The Flight.app */;
			productType = "com.apple.product-type.application";
		};
/* End PBXNativeTarget section */

/* Begin PBXProject section */
		174BFD542D553F2700A729FF /* Project object */ = {
			isa = PBXProject;
			attributes = {
				BuildIndependentTargetsInParallel = 1;
				LastSwiftUpdateCheck = 1510;
				LastUpgradeCheck = 1510;
				TargetAttributes = {
					174BFD5B2D553F2700A729FF = {
						CreatedOnToolsVersion = 15.1;
					};
				};
			};
			buildConfigurationList = 174BFD572D553F2700A729FF /* Build configuration list for PBXProject "To The Flight" */;
			compatibilityVersion = "Xcode 14.0";
			developmentRegion = en;
			hasScannedForEncodings = 0;
			knownRegions = (
				en,
				Base,
			);
			mainGroup = 174BFD532D553F2700A729FF;
			productRefGroup = 174BFD5D2D553F2700A729FF /* Products */;
			projectDirPath = "";
			projectRoot = "";
			targets = (
				174BFD5B2D553F2700A729FF /* To The Flight */,
			);
		};
/* End PBXProject section */

/* Begin PBXResourcesBuildPhase section */
		174BFD5A2D553F2700A729FF /* Resources */ = {
			isa = PBXResourcesBuildPhase;
			buildActionMask = 2147483647;
			files = (
				174BFD672D553F2900A729FF /* Preview Assets.xcassets in Resources */,
				174BFD642D553F2900A729FF /* Assets.xcassets in Resources */,
				173409922D5F3E7000FFC040 /* Storyboard.storyboard in Resources */,
			);
			runOnlyForDeploymentPostprocessing = 0;
		};
/* End PBXResourcesBuildPhase section */

/* Begin PBXSourcesBuildPhase section */
		174BFD582D553F2700A729FF /* Sources */ = {
			isa = PBXSourcesBuildPhase;
			buildActionMask = 2147483647;
			files = (
				17D0DFDC2D5CE6E000D0894F /* KeyboardAdaptive.swift in Sources */,
				17D0DFD32D5BF2AD00D0894F /* HeaderView.swift in Sources */,
				174BFD6E2D5541A100A729FF /* MyFlightScreen.swift in Sources */,
				17D0DFD52D5BF2DE00D0894F /* FlightRow.swift in Sources */,
				17D0DFD12D5BF27F00D0894F /* Flight.swift in Sources */,
				17D0DFD72D5BF38B00D0894F /* BottomBar.swift in Sources */,
				17D0DFDE2D5CE81300D0894F /* OnBoardingScreen.swift in Sources */,
				174BFD622D553F2700A729FF /* NewFlightScreen.swift in Sources */,
				17D0DFE02D5E09C500D0894F /* ProgressIndicator.swift in Sources */,
				174BFD602D553F2700A729FF /* To_The_FlightApp.swift in Sources */,
				173409902D5F385C00FFC040 /* OnBoardingScreen2.swift in Sources */,
			);
			runOnlyForDeploymentPostprocessing = 0;
		};
/* End PBXSourcesBuildPhase section */

/* Begin XCBuildConfiguration section */
		174BFD682D553F2900A729FF /* Debug */ = {
			isa = XCBuildConfiguration;
			buildSettings = {
				ALWAYS_SEARCH_USER_PATHS = NO;
				ASSETCATALOG_COMPILER_GENERATE_SWIFT_ASSET_SYMBOL_EXTENSIONS = YES;
				CLANG_ANALYZER_NONNULL = YES;
				CLANG_ANALYZER_NUMBER_OBJECT_CONVERSION = YES_AGGRESSIVE;
				CLANG_CXX_LANGUAGE_STANDARD = "gnu++20";
				CLANG_ENABLE_MODULES = YES;
				CLANG_ENABLE_OBJC_ARC = YES;
				CLANG_ENABLE_OBJC_WEAK = YES;
				CLANG_WARN_BLOCK_CAPTURE_AUTORELEASING = YES;
				CLANG_WARN_BOOL_CONVERSION = YES;
				CLANG_WARN_COMMA = YES;
				CLANG_WARN_CONSTANT_CONVERSION = YES;
				CLANG_WARN_DEPRECATED_OBJC_IMPLEMENTATIONS = YES;
				CLANG_WARN_DIRECT_OBJC_ISA_USAGE = YES_ERROR;
				CLANG_WARN_DOCUMENTATION_COMMENTS = YES;
				CLANG_WARN_EMPTY_BODY = YES;
				CLANG_WARN_ENUM_CONVERSION = YES;
				CLANG_WARN_INFINITE_RECURSION = YES;
				CLANG_WARN_INT_CONVERSION = YES;
				CLANG_WARN_NON_LITERAL_NULL_CONVERSION = YES;
				CLANG_WARN_OBJC_IMPLICIT_RETAIN_SELF = YES;
				CLANG_WARN_OBJC_LITERAL_CONVERSION = YES;
				CLANG_WARN_OBJC_ROOT_CLASS = YES_ERROR;
				CLANG_WARN_QUOTED_INCLUDE_IN_FRAMEWORK_HEADER = YES;
				CLANG_WARN_RANGE_LOOP_ANALYSIS = YES;
				CLANG_WARN_STRICT_PROTOTYPES = YES;
				CLANG_WARN_SUSPICIOUS_MOVE = YES;
				CLANG_WARN_UNGUARDED_AVAILABILITY = YES_AGGRESSIVE;
				CLANG_WARN_UNREACHABLE_CODE = YES;
				CLANG_WARN__DUPLICATE_METHOD_MATCH = YES;
				COPY_PHASE_STRIP = NO;
				DEBUG_INFORMATION_FORMAT = dwarf;
				ENABLE_STRICT_OBJC_MSGSEND = YES;
				ENABLE_TESTABILITY = YES;
				ENABLE_USER_SCRIPT_SANDBOXING = YES;
				GCC_C_LANGUAGE_STANDARD = gnu17;
				GCC_DYNAMIC_NO_PIC = NO;
				GCC_NO_COMMON_BLOCKS = YES;
				GCC_OPTIMIZATION_LEVEL = 0;
				GCC_PREPROCESSOR_DEFINITIONS = (
					"DEBUG=1",
					"$(inherited)",
				);
				GCC_WARN_64_TO_32_BIT_CONVERSION = YES;
				GCC_WARN_ABOUT_RETURN_TYPE = YES_ERROR;
				GCC_WARN_UNDECLARED_SELECTOR = YES;
				GCC_WARN_UNINITIALIZED_AUTOS = YES_AGGRESSIVE;
				GCC_WARN_UNUSED_FUNCTION = YES;
				GCC_WARN_UNUSED_VARIABLE = YES;
				IPHONEOS_DEPLOYMENT_TARGET = 17.2;
				LOCALIZATION_PREFERS_STRING_CATALOGS = YES;
				MTL_ENABLE_DEBUG_INFO = INCLUDE_SOURCE;
				MTL_FAST_MATH = YES;
				ONLY_ACTIVE_ARCH = YES;
				SDKROOT = iphoneos;
				SWIFT_ACTIVE_COMPILATION_CONDITIONS = "DEBUG $(inherited)";
				SWIFT_OPTIMIZATION_LEVEL = "-Onone";
			};
			name = Debug;
		};
		174BFD692D553F2900A729FF /* Release */ = {
			isa = XCBuildConfiguration;
			buildSettings = {
				ALWAYS_SEARCH_USER_PATHS = NO;
				ASSETCATALOG_COMPILER_GENERATE_SWIFT_ASSET_SYMBOL_EXTENSIONS = YES;
				CLANG_ANALYZER_NONNULL = YES;
				CLANG_ANALYZER_NUMBER_OBJECT_CONVERSION = YES_AGGRESSIVE;
				CLANG_CXX_LANGUAGE_STANDARD = "gnu++20";
				CLANG_ENABLE_MODULES = YES;
				CLANG_ENABLE_OBJC_ARC = YES;
				CLANG_ENABLE_OBJC_WEAK = YES;
				CLANG_WARN_BLOCK_CAPTURE_AUTORELEASING = YES;
				CLANG_WARN_BOOL_CONVERSION = YES;
				CLANG_WARN_COMMA = YES;
				CLANG_WARN_CONSTANT_CONVERSION = YES;
				CLANG_WARN_DEPRECATED_OBJC_IMPLEMENTATIONS = YES;
				CLANG_WARN_DIRECT_OBJC_ISA_USAGE = YES_ERROR;
				CLANG_WARN_DOCUMENTATION_COMMENTS = YES;
				CLANG_WARN_EMPTY_BODY = YES;
				CLANG_WARN_ENUM_CONVERSION = YES;
				CLANG_WARN_INFINITE_RECURSION = YES;
				CLANG_WARN_INT_CONVERSION = YES;
				CLANG_WARN_NON_LITERAL_NULL_CONVERSION = YES;
				CLANG_WARN_OBJC_IMPLICIT_RETAIN_SELF = YES;
				CLANG_WARN_OBJC_LITERAL_CONVERSION = YES;
				CLANG_WARN_OBJC_ROOT_CLASS = YES_ERROR;
				CLANG_WARN_QUOTED_INCLUDE_IN_FRAMEWORK_HEADER = YES;
				CLANG_WARN_RANGE_LOOP_ANALYSIS = YES;
				CLANG_WARN_STRICT_PROTOTYPES = YES;
				CLANG_WARN_SUSPICIOUS_MOVE = YES;
				CLANG_WARN_UNGUARDED_AVAILABILITY = YES_AGGRESSIVE;
				CLANG_WARN_UNREACHABLE_CODE = YES;
				CLANG_WARN__DUPLICATE_METHOD_MATCH = YES;
				COPY_PHASE_STRIP = NO;
				DEBUG_INFORMATION_FORMAT = "dwarf-with-dsym";
				ENABLE_NS_ASSERTIONS = NO;
				ENABLE_STRICT_OBJC_MSGSEND = YES;
				ENABLE_USER_SCRIPT_SANDBOXING = YES;
				GCC_C_LANGUAGE_STANDARD = gnu17;
				GCC_NO_COMMON_BLOCKS = YES;
				GCC_WARN_64_TO_32_BIT_CONVERSION = YES;
				GCC_WARN_ABOUT_RETURN_TYPE = YES_ERROR;
				GCC_WARN_UNDECLARED_SELECTOR = YES;
				GCC_WARN_UNINITIALIZED_AUTOS = YES_AGGRESSIVE;
				GCC_WARN_UNUSED_FUNCTION = YES;
				GCC_WARN_UNUSED_VARIABLE = YES;
				IPHONEOS_DEPLOYMENT_TARGET = 17.2;
				LOCALIZATION_PREFERS_STRING_CATALOGS = YES;
				MTL_ENABLE_DEBUG_INFO = NO;
				MTL_FAST_MATH = YES;
				SDKROOT = iphoneos;
				SWIFT_COMPILATION_MODE = wholemodule;
				VALIDATE_PRODUCT = YES;
			};
			name = Release;
		};
		174BFD6B2D553F2900A729FF /* Debug */ = {
			isa = XCBuildConfiguration;
			buildSettings = {
				ASSETCATALOG_COMPILER_APPICON_NAME = AppIcon;
				ASSETCATALOG_COMPILER_GLOBAL_ACCENT_COLOR_NAME = AccentColor;
				CODE_SIGN_STYLE = Automatic;
				CURRENT_PROJECT_VERSION = 1;
				DEVELOPMENT_ASSET_PATHS = "\"To The Flight/Preview Content\"";
				DEVELOPMENT_TEAM = DHW3U468H5;
				ENABLE_PREVIEWS = YES;
				GENERATE_INFOPLIST_FILE = YES;
				INFOPLIST_KEY_UIApplicationSceneManifest_Generation = YES;
				INFOPLIST_KEY_UIApplicationSupportsIndirectInputEvents = YES;
				INFOPLIST_KEY_UILaunchScreen_Generation = YES;
				INFOPLIST_KEY_UISupportedInterfaceOrientations_iPad = "UIInterfaceOrientationPortrait UIInterfaceOrientationPortraitUpsideDown UIInterfaceOrientationLandscapeLeft UIInterfaceOrientationLandscapeRight";
				INFOPLIST_KEY_UISupportedInterfaceOrientations_iPhone = "UIInterfaceOrientationPortrait UIInterfaceOrientationLandscapeLeft UIInterfaceOrientationLandscapeRight";
				LD_RUNPATH_SEARCH_PATHS = (
					"$(inherited)",
					"@executable_path/Frameworks",
				);
				MARKETING_VERSION = 1.0;
				PRODUCT_BUNDLE_IDENTIFIER = "sariomer.To-The-Flight";
				PRODUCT_NAME = "$(TARGET_NAME)";
				SWIFT_EMIT_LOC_STRINGS = YES;
				SWIFT_VERSION = 5.0;
				TARGETED_DEVICE_FAMILY = "1,2";
			};
			name = Debug;
		};
		174BFD6C2D553F2900A729FF /* Release */ = {
			isa = XCBuildConfiguration;
			buildSettings = {
				ASSETCATALOG_COMPILER_APPICON_NAME = AppIcon;
				ASSETCATALOG_COMPILER_GLOBAL_ACCENT_COLOR_NAME = AccentColor;
				CODE_SIGN_STYLE = Automatic;
				CURRENT_PROJECT_VERSION = 1;
				DEVELOPMENT_ASSET_PATHS = "\"To The Flight/Preview Content\"";
				DEVELOPMENT_TEAM = DHW3U468H5;
				ENABLE_PREVIEWS = YES;
				GENERATE_INFOPLIST_FILE = YES;
				INFOPLIST_KEY_UIApplicationSceneManifest_Generation = YES;
				INFOPLIST_KEY_UIApplicationSupportsIndirectInputEvents = YES;
				INFOPLIST_KEY_UILaunchScreen_Generation = YES;
				INFOPLIST_KEY_UISupportedInterfaceOrientations_iPad = "UIInterfaceOrientationPortrait UIInterfaceOrientationPortraitUpsideDown UIInterfaceOrientationLandscapeLeft UIInterfaceOrientationLandscapeRight";
				INFOPLIST_KEY_UISupportedInterfaceOrientations_iPhone = "UIInterfaceOrientationPortrait UIInterfaceOrientationLandscapeLeft UIInterfaceOrientationLandscapeRight";
				LD_RUNPATH_SEARCH_PATHS = (
					"$(inherited)",
					"@executable_path/Frameworks",
				);
				MARKETING_VERSION = 1.0;
				PRODUCT_BUNDLE_IDENTIFIER = "sariomer.To-The-Flight";
				PRODUCT_NAME = "$(TARGET_NAME)";
				SWIFT_EMIT_LOC_STRINGS = YES;
				SWIFT_VERSION = 5.0;
				TARGETED_DEVICE_FAMILY = "1,2";
			};
			name = Release;
		};
/* End XCBuildConfiguration section */

/* Begin XCConfigurationList section */
		174BFD572D553F2700A729FF /* Build configuration list for PBXProject "To The Flight" */ = {
			isa = XCConfigurationList;
			buildConfigurations = (
				174BFD682D553F2900A729FF /* Debug */,
				174BFD692D553F2900A729FF /* Release */,
			);
			defaultConfigurationIsVisible = 0;
			defaultConfigurationName = Release;
		};
		174BFD6A2D553F2900A729FF /* Build configuration list for PBXNativeTarget "To The Flight" */ = {
			isa = XCConfigurationList;
			buildConfigurations = (
				174BFD6B2D553F2900A729FF /* Debug */,
				174BFD6C2D553F2900A729FF /* Release */,
			);
			defaultConfigurationIsVisible = 0;
			defaultConfigurationName = Release;
		};
/* End XCConfigurationList section */
	};
	rootObject = 174BFD542D553F2700A729FF /* Project object */;
}
